
Microsoft Visual Studio Solution File, Format Version 12.00
# Visual Studio 15
VisualStudioVersion = 15.0.27004.2009
MinimumVisualStudioVersion = 10.0.40219.1
Project("{FAE04EC0-301F-11D3-BF4B-00C04F79EFBC}") = "Exercise1", "WindowsFormsApp5\Exercise1.csproj", "{78C3C9B5-BA66-41CD-BA2A-83D52B08B96B}"
EndProject
Project("{FAE04EC0-301F-11D3-BF4B-00C04F79EFBC}") = "Exercise2", "Exercise2\Exercise2.csproj", "{5C749C0F-E5CF-4365-8FDB-63F7A06ACAE9}"
EndProject
Project("{FAE04EC0-301F-11D3-BF4B-00C04F79EFBC}") = "Exercise3", "Exercise3\Exercise3.csproj", "{86506518-B7D3-4AB8-A52E-F9B919D96FFB}"
EndProject
Global
	GlobalSection(SolutionConfigurationPlatforms) = preSolution
		Debug|Any CPU = Debug|Any CPU
		Release|Any CPU = Release|Any CPU
	EndGlobalSection
	GlobalSection(ProjectConfigurationPlatforms) = postSolution
		{78C3C9B5-BA66-41CD-BA2A-83D52B08B96B}.Debug|Any CPU.ActiveCfg = Debug|Any CPU
		{78C3C9B5-BA66-41CD-BA2A-83D52B08B96B}.Debug|Any CPU.Build.0 = Debug|Any CPU
		{78C3C9B5-BA66-41CD-BA2A-83D52B08B96B}.Release|Any CPU.ActiveCfg = Release|Any CPU
		{78C3C9B5-BA66-41CD-BA2A-83D52B08B96B}.Release|Any CPU.Build.0 = Release|Any CPU
		{5C749C0F-E5CF-4365-8FDB-63F7A06ACAE9}.Debug|Any CPU.ActiveCfg = Debug|Any CPU
		{5C749C0F-E5CF-4365-8FDB-63F7A06ACAE9}.Debug|Any CPU.Build.0 = Debug|Any CPU
		{5C749C0F-E5CF-4365-8FDB-63F7A06ACAE9}.Release|Any CPU.ActiveCfg = Release|Any CPU
		{5C749C0F-E5CF-4365-8FDB-63F7A06ACAE9}.Release|Any CPU.Build.0 = Release|Any CPU
		{86506518-B7D3-4AB8-A52E-F9B919D96FFB}.Debug|Any CPU.ActiveCfg = Debug|Any CPU
		{86506518-B7D3-4AB8-A52E-F9B919D96FFB}.Debug|Any CPU.Build.0 = Debug|Any CPU
		{86506518-B7D3-4AB8-A52E-F9B919D96FFB}.Release|Any CPU.ActiveCfg = Release|Any CPU
		{86506518-B7D3-4AB8-A52E-F9B919D96FFB}.Release|Any CPU.Build.0 = Release|Any CPU
	EndGlobalSection
	GlobalSection(SolutionProperties) = preSolution
		HideSolutionNode = FALSE
	EndGlobalSection
	GlobalSection(ExtensibilityGlobals) = postSolution
		SolutionGuid = {44CD1716-B275-4BD7-8F5B-78EABC7C2296}
	EndGlobalSection
EndGlobal
