
Microsoft Visual Studio Solution File, Format Version 12.00
# Visual Studio 15
VisualStudioVersion = 15.0.27130.2003
MinimumVisualStudioVersion = 10.0.40219.1
Project("{FAE04EC0-301F-11D3-BF4B-00C04F79EFBC}") = "14dets", "14dets\14dets.csproj", "{46F5AACE-0806-43C5-A021-509BA06A95AB}"
EndProject
Project("{FAE04EC0-301F-11D3-BF4B-00C04F79EFBC}") = "StringEx", "StringEx\StringEx.csproj", "{52C6DB24-1565-478B-A627-E7DE3E2A5D04}"
EndProject
Project("{FAE04EC0-301F-11D3-BF4B-00C04F79EFBC}") = "AccountingEx", "AccountingEx\AccountingEx.csproj", "{886E1356-B9CA-4B9A-BEBC-11645A734ECD}"
EndProject
Global
	GlobalSection(SolutionConfigurationPlatforms) = preSolution
		Debug|Any CPU = Debug|Any CPU
		Release|Any CPU = Release|Any CPU
	EndGlobalSection
	GlobalSection(ProjectConfigurationPlatforms) = postSolution
		{46F5AACE-0806-43C5-A021-509BA06A95AB}.Debug|Any CPU.ActiveCfg = Debug|Any CPU
		{46F5AACE-0806-43C5-A021-509BA06A95AB}.Debug|Any CPU.Build.0 = Debug|Any CPU
		{46F5AACE-0806-43C5-A021-509BA06A95AB}.Release|Any CPU.ActiveCfg = Release|Any CPU
		{46F5AACE-0806-43C5-A021-509BA06A95AB}.Release|Any CPU.Build.0 = Release|Any CPU
		{52C6DB24-1565-478B-A627-E7DE3E2A5D04}.Debug|Any CPU.ActiveCfg = Debug|Any CPU
		{52C6DB24-1565-478B-A627-E7DE3E2A5D04}.Debug|Any CPU.Build.0 = Debug|Any CPU
		{52C6DB24-1565-478B-A627-E7DE3E2A5D04}.Release|Any CPU.ActiveCfg = Release|Any CPU
		{52C6DB24-1565-478B-A627-E7DE3E2A5D04}.Release|Any CPU.Build.0 = Release|Any CPU
		{886E1356-B9CA-4B9A-BEBC-11645A734ECD}.Debug|Any CPU.ActiveCfg = Debug|Any CPU
		{886E1356-B9CA-4B9A-BEBC-11645A734ECD}.Debug|Any CPU.Build.0 = Debug|Any CPU
		{886E1356-B9CA-4B9A-BEBC-11645A734ECD}.Release|Any CPU.ActiveCfg = Release|Any CPU
		{886E1356-B9CA-4B9A-BEBC-11645A734ECD}.Release|Any CPU.Build.0 = Release|Any CPU
	EndGlobalSection
	GlobalSection(SolutionProperties) = preSolution
		HideSolutionNode = FALSE
	EndGlobalSection
	GlobalSection(ExtensibilityGlobals) = postSolution
		SolutionGuid = {61E6E9CA-1ABD-47EF-8D0A-A2651ABA3377}
	EndGlobalSection
EndGlobal
