
Microsoft Visual Studio Solution File, Format Version 12.00
# Visual Studio 15
VisualStudioVersion = 15.0.26730.12
MinimumVisualStudioVersion = 10.0.40219.1
Project("{FAE04EC0-301F-11D3-BF4B-00C04F79EFBC}") = "ConsoleApp32", "ConsoleApp32\ConsoleApp32.csproj", "{4A17CD01-4496-4DE0-BE4D-22EC8D991AA8}"
EndProject
Global
	GlobalSection(SolutionConfigurationPlatforms) = preSolution
		Debug|Any CPU = Debug|Any CPU
		Release|Any CPU = Release|Any CPU
	EndGlobalSection
	GlobalSection(ProjectConfigurationPlatforms) = postSolution
		{4A17CD01-4496-4DE0-BE4D-22EC8D991AA8}.Debug|Any CPU.ActiveCfg = Debug|Any CPU
		{4A17CD01-4496-4DE0-BE4D-22EC8D991AA8}.Debug|Any CPU.Build.0 = Debug|Any CPU
		{4A17CD01-4496-4DE0-BE4D-22EC8D991AA8}.Release|Any CPU.ActiveCfg = Release|Any CPU
		{4A17CD01-4496-4DE0-BE4D-22EC8D991AA8}.Release|Any CPU.Build.0 = Release|Any CPU
	EndGlobalSection
	GlobalSection(SolutionProperties) = preSolution
		HideSolutionNode = FALSE
	EndGlobalSection
	GlobalSection(ExtensibilityGlobals) = postSolution
		SolutionGuid = {B92D7DB8-C36F-4EBE-92F5-FBB6C5A4791D}
	EndGlobalSection
EndGlobal
